
Microsoft Visual Studio Solution File, Format Version 12.00
# Visual Studio Version 16
VisualStudioVersion = 16.0.32126.315
MinimumVisualStudioVersion = 10.0.40219.1
Project("{FAE04EC0-301F-11D3-BF4B-00C04F79EFBC}") = "CodingTestKattisb", "CodingTestKattisb.csproj", "{BEECA299-0725-4D45-B339-57EB32CC6A19}"
EndProject
Global
	GlobalSection(SolutionConfigurationPlatforms) = preSolution
		Debug|Any CPU = Debug|Any CPU
		Release|Any CPU = Release|Any CPU
	EndGlobalSection
	GlobalSection(ProjectConfigurationPlatforms) = postSolution
		{BEECA299-0725-4D45-B339-57EB32CC6A19}.Debug|Any CPU.ActiveCfg = Debug|Any CPU
		{BEECA299-0725-4D45-B339-57EB32CC6A19}.Debug|Any CPU.Build.0 = Debug|Any CPU
		{BEECA299-0725-4D45-B339-57EB32CC6A19}.Release|Any CPU.ActiveCfg = Release|Any CPU
		{BEECA299-0725-4D45-B339-57EB32CC6A19}.Release|Any CPU.Build.0 = Release|Any CPU
	EndGlobalSection
	GlobalSection(SolutionProperties) = preSolution
		HideSolutionNode = FALSE
	EndGlobalSection
	GlobalSection(ExtensibilityGlobals) = postSolution
		SolutionGuid = {444E7E53-0CA2-49BA-9268-63855CA3E7EC}
	EndGlobalSection
EndGlobal
